#MicroXplorer Configuration settings - do not modify
File.Version=6
KeepUserPlacement=false
Mcu.Family=STM32F0
Mcu.IP0=I2C1
Mcu.IP1=NVIC
Mcu.IP2=RCC
Mcu.IP3=SPI1
Mcu.IP4=SYS
Mcu.IP5=TIM1
Mcu.IP6=TIM2
Mcu.IP7=TIM3
Mcu.IP8=TIM14
Mcu.IP9=USART1
Mcu.IPNb=10
Mcu.Name=STM32F042K6Tx
Mcu.Package=LQFP32
Mcu.Pin0=PF0-OSC_IN
Mcu.Pin1=PF1-OSC_OUT
Mcu.Pin10=PB0
Mcu.Pin11=PB1
Mcu.Pin12=PA8
Mcu.Pin13=PA9
Mcu.Pin14=PA10
Mcu.Pin15=PA11
Mcu.Pin16=PA13
Mcu.Pin17=PA14
Mcu.Pin18=PB4
Mcu.Pin19=PB5
Mcu.Pin2=PA0
Mcu.Pin20=PB6
Mcu.Pin21=PB7
Mcu.Pin22=VP_SYS_VS_Systick
Mcu.Pin23=VP_TIM14_VS_ClockSourceINT
Mcu.Pin3=PA1
Mcu.Pin4=PA2
Mcu.Pin5=PA3
Mcu.Pin6=PA4
Mcu.Pin7=PA5
Mcu.Pin8=PA6
Mcu.Pin9=PA7
Mcu.PinsNb=24
Mcu.UserConstants=
Mcu.UserName=STM32F042K6Tx
MxCube.Version=4.20.1
MxDb.Version=DB.4.0.200
NVIC.HardFault_IRQn=true\:0\:0\:false\:false\:true
NVIC.NonMaskableInt_IRQn=true\:0\:0\:false\:false\:true
NVIC.PendSV_IRQn=true\:0\:0\:false\:false\:true
NVIC.SVC_IRQn=true\:0\:0\:false\:false\:true
NVIC.SysTick_IRQn=true\:0\:0\:false\:false\:true
PA0.Signal=S_TIM2_CH1_ETR
PA1.Signal=S_TIM2_CH2
PA10.Signal=S_TIM1_CH3
PA11.Signal=S_TIM1_CH4
PA13.Mode=Serial_Wire
PA13.Signal=SYS_SWDIO
PA14.Mode=Serial_Wire
PA14.Signal=SYS_SWCLK
PA2.Signal=S_TIM2_CH3
PA3.Signal=S_TIM2_CH4
PA4.Signal=S_TIM14_CH1
PA5.Mode=Full_Duplex_Slave
PA5.Signal=SPI1_SCK
PA6.Mode=Full_Duplex_Slave
PA6.Signal=SPI1_MISO
PA7.Mode=Full_Duplex_Slave
PA7.Signal=SPI1_MOSI
PA8.Signal=S_TIM1_CH1
PA9.Signal=S_TIM1_CH2
PB0.Signal=S_TIM3_CH3
PB1.Signal=S_TIM3_CH4
PB4.Signal=S_TIM3_CH1
PB5.Signal=S_TIM3_CH2
PB6.Mode=Asynchronous
PB6.Signal=USART1_TX
PB7.Mode=Asynchronous
PB7.Signal=USART1_RX
PCC.Checker=false
PCC.Line=STM32F0x2
PCC.MCU=STM32F042K6Tx
PCC.MXVersion=4.20.1
PCC.PartNumber=STM32F042K6Tx
PCC.Seq0=0
PCC.Series=STM32F0
PCC.Temperature=25
PCC.Vdd=3.6
PF0-OSC_IN.Mode=I2C
PF0-OSC_IN.Signal=I2C1_SDA
PF1-OSC_OUT.Mode=I2C
PF1-OSC_OUT.Signal=I2C1_SCL
RCC.AHBFreq_Value=48000000
RCC.APB1Freq_Value=48000000
RCC.APB1TimFreq_Value=48000000
RCC.CECFreq_Value=32786.88524590164
RCC.FCLKCortexFreq_Value=48000000
RCC.FamilyName=M
RCC.HCLKFreq_Value=48000000
RCC.HSICECFreq_Value=32786.88524590164
RCC.I2SFreq_Value=48000000
RCC.IPParameters=AHBFreq_Value,APB1Freq_Value,APB1TimFreq_Value,CECFreq_Value,FCLKCortexFreq_Value,FamilyName,HCLKFreq_Value,HSICECFreq_Value,I2SFreq_Value,MCOFreq_Value,PLLCLKFreq_Value,PLLMCOFreq_Value,SYSCLKFreq_VALUE,SYSCLKSource,TimSysFreq_Value,USART1Freq_Value,Usart1ClockSelection,VCOOutput2Freq_Value
RCC.MCOFreq_Value=48000000
RCC.PLLCLKFreq_Value=16000000
RCC.PLLMCOFreq_Value=16000000
RCC.SYSCLKFreq_VALUE=48000000
RCC.SYSCLKSource=RCC_SYSCLKSOURCE_HSI48
RCC.TimSysFreq_Value=48000000
RCC.USART1Freq_Value=48000000
RCC.Usart1ClockSelection=RCC_USART1CLKSOURCE_SYSCLK
RCC.VCOOutput2Freq_Value=8000000
SH.S_TIM14_CH1.0=TIM14_CH1,PWM Generation1 CH1
SH.S_TIM14_CH1.ConfNb=1
SH.S_TIM1_CH1.0=TIM1_CH1,PWM Generation1 CH1
SH.S_TIM1_CH1.ConfNb=1
SH.S_TIM1_CH2.0=TIM1_CH2,PWM Generation2 CH2
SH.S_TIM1_CH2.ConfNb=1
SH.S_TIM1_CH3.0=TIM1_CH3,PWM Generation3 CH3
SH.S_TIM1_CH3.ConfNb=1
SH.S_TIM1_CH4.0=TIM1_CH4,Output Compare4 CH4
SH.S_TIM1_CH4.ConfNb=1
SH.S_TIM2_CH1_ETR.0=TIM2_CH1,PWM Generation1 CH1
SH.S_TIM2_CH1_ETR.ConfNb=1
SH.S_TIM2_CH2.0=TIM2_CH2,PWM Generation2 CH2
SH.S_TIM2_CH2.ConfNb=1
SH.S_TIM2_CH3.0=TIM2_CH3,PWM Generation3 CH3
SH.S_TIM2_CH3.ConfNb=1
SH.S_TIM2_CH4.0=TIM2_CH4,PWM Generation4 CH4
SH.S_TIM2_CH4.ConfNb=1
SH.S_TIM3_CH1.0=TIM3_CH1,PWM Generation1 CH1
SH.S_TIM3_CH1.ConfNb=1
SH.S_TIM3_CH2.0=TIM3_CH2,PWM Generation2 CH2
SH.S_TIM3_CH2.ConfNb=1
SH.S_TIM3_CH3.0=TIM3_CH3,PWM Generation3 CH3
SH.S_TIM3_CH3.ConfNb=1
SH.S_TIM3_CH4.0=TIM3_CH4,PWM Generation4 CH4
SH.S_TIM3_CH4.ConfNb=1
SPI1.DataSize=SPI_DATASIZE_8BIT
SPI1.Direction=SPI_DIRECTION_2LINES
SPI1.IPParameters=VirtualType,Mode,Direction,DataSize
SPI1.Mode=SPI_MODE_SLAVE
SPI1.VirtualType=VM_SLAVE
TIM1.Channel-Output\ Compare4\ CH4=TIM_CHANNEL_4
TIM1.Channel-PWM\ Generation1\ CH1=TIM_CHANNEL_1
TIM1.Channel-PWM\ Generation2\ CH2=TIM_CHANNEL_2
TIM1.Channel-PWM\ Generation3\ CH3=TIM_CHANNEL_3
TIM1.IPParameters=Channel-PWM Generation1 CH1,Channel-PWM Generation2 CH2,Channel-PWM Generation3 CH3,Channel-Output Compare4 CH4
TIM14.Channel=TIM_CHANNEL_1
TIM14.IPParameters=Channel
TIM2.Channel-PWM\ Generation1\ CH1=TIM_CHANNEL_1
TIM2.Channel-PWM\ Generation2\ CH2=TIM_CHANNEL_2
TIM2.Channel-PWM\ Generation3\ CH3=TIM_CHANNEL_3
TIM2.Channel-PWM\ Generation4\ CH4=TIM_CHANNEL_4
TIM2.IPParameters=Channel-PWM Generation1 CH1,Channel-PWM Generation2 CH2,Channel-PWM Generation3 CH3,Channel-PWM Generation4 CH4
TIM3.Channel-PWM\ Generation1\ CH1=TIM_CHANNEL_1
TIM3.Channel-PWM\ Generation2\ CH2=TIM_CHANNEL_2
TIM3.Channel-PWM\ Generation3\ CH3=TIM_CHANNEL_3
TIM3.Channel-PWM\ Generation4\ CH4=TIM_CHANNEL_4
TIM3.IPParameters=Channel-PWM Generation1 CH1,Channel-PWM Generation2 CH2,Channel-PWM Generation3 CH3,Channel-PWM Generation4 CH4
USART1.BaudRate=115200
USART1.IPParameters=VirtualMode-Asynchronous,BaudRate,WordLength
USART1.VirtualMode-Asynchronous=VM_ASYNC
USART1.WordLength=WORDLENGTH_8B
VP_SYS_VS_Systick.Mode=SysTick
VP_SYS_VS_Systick.Signal=SYS_VS_Systick
VP_TIM14_VS_ClockSourceINT.Mode=Enable_Timer
VP_TIM14_VS_ClockSourceINT.Signal=TIM14_VS_ClockSourceINT
